
Microsoft Visual Studio Solution File, Format Version 12.00
# Visual Studio 14
VisualStudioVersion = 14.0.23107.0
MinimumVisualStudioVersion = 10.0.40219.1
Project("{159641D6-6404-4A2A-AE62-294DE0FE8301}") = "IT16084896_Assignment1", "IT16084896_Assignment1\IT16084896_Assignment1.dtproj", "{B7915696-160E-4C0F-90E9-086D0703D161}"
EndProject
Global
	GlobalSection(SolutionConfigurationPlatforms) = preSolution
		Development|Default = Development|Default
	EndGlobalSection
	GlobalSection(ProjectConfigurationPlatforms) = postSolution
		{B7915696-160E-4C0F-90E9-086D0703D161}.Development|Default.ActiveCfg = Development
		{B7915696-160E-4C0F-90E9-086D0703D161}.Development|Default.Build.0 = Development
	EndGlobalSection
	GlobalSection(SolutionProperties) = preSolution
		HideSolutionNode = FALSE
	EndGlobalSection
EndGlobal
